PODS:
  - ECSlidingViewController (2.0.0-beta2)
  - FrameAccessor (1.3.2)
  - Google-Mobile-Ads-SDK (6.6.1)
  - ISO8601DateFormatter (0.7)
  - NanoStore (2.7.7)
  - ReactiveCocoa (2.1.8):
    - ReactiveCocoa/Core
    - ReactiveCocoa/no-arc
  - ReactiveCocoa/Core (2.1.8):
    - ReactiveCocoa/no-arc
  - ReactiveCocoa/no-arc (2.1.8)
  - TenzingCore (0.2.1):
    - TenzingCore/Core
  - TenzingCore/Core (0.2.1)
  - TenzingCore/RESTService (0.2.1):
    - TenzingCore/Core

DEPENDENCIES:
  - ECSlidingViewController (~> 2.0.0-beta)
  - FrameAccessor (~> 1.3.2)
  - Google-Mobile-Ads-SDK (~> 6.6.1)
  - ISO8601DateFormatter (~> 0.7)
  - NanoStore (~> 2.7.7)
  - ReactiveCocoa (~> 2.1.8)
  - TenzingCore (~> 0.2.1)
  - TenzingCore/RESTService (~> 0.2.1)

SPEC CHECKSUMS:
  ECSlidingViewController: 097e5451e8628611f17ed27a6e0829fa705f7851
  FrameAccessor: 1c383c4dc298925749fb2a6b9c05cd45be0d8857
  Google-Mobile-Ads-SDK: 52b22c6593f051f3976bb72b64d1ed6951e95d3e
  ISO8601DateFormatter: 00944e437ea647f4244454ce8809d313861d08de
  NanoStore: 879a131b4f9b968f936187bb927cd5f8887cb202
  ReactiveCocoa: 0db710a0afa1c627a64470e5c912a3870d4854ae
  TenzingCore: efca489afeb24a421eeb5d3cc11c1f86c88d7999

COCOAPODS: 0.29.0
