// !$*UTF8*$!
{
	archiveVersion = 1;
	classes = {
	};
	objectVersion = 46;
	objects = {

/* Begin PBXBuildFile section */
		0D07DC0418337E9700CCE04B /* Foundation.framework in Frameworks */ = {isa = PBXBuildFile; fileRef = 0D07DC0318337E9700CCE04B /* Foundation.framework */; };
		0D07DC0618337E9700CCE04B /* CoreGraphics.framework in Frameworks */ = {isa = PBXBuildFile; fileRef = 0D07DC0518337E9700CCE04B /* CoreGraphics.framework */; };
		0D07DC0818337E9700CCE04B /* UIKit.framework in Frameworks */ = {isa = PBXBuildFile; fileRef = 0D07DC0718337E9700CCE04B /* UIKit.framework */; };
		0D07DC0E18337E9700CCE04B /* InfoPlist.strings in Resources */ = {isa = PBXBuildFile; fileRef = 0D07DC0C18337E9700CCE04B /* InfoPlist.strings */; };
		0D07DC1018337E9700CCE04B /* main.m in Sources */ = {isa = PBXBuildFile; fileRef = 0D07DC0F18337E9700CCE04B /* main.m */; };
		0D07DC1418337E9700CCE04B /* GSAppDelegate.m in Sources */ = {isa = PBXBuildFile; fileRef = 0D07DC1318337E9700CCE04B /* GSAppDelegate.m */; };
		0D07DC1718337E9700CCE04B /* Main.storyboard in Resources */ = {isa = PBXBuildFile; fileRef = 0D07DC1518337E9700CCE04B /* Main.storyboard */; };
		0D07DC1C18337E9700CCE04B /* Images.xcassets in Resources */ = {isa = PBXBuildFile; fileRef = 0D07DC1B18337E9700CCE04B /* Images.xcassets */; };
		0D07DC2318337E9700CCE04B /* XCTest.framework in Frameworks */ = {isa = PBXBuildFile; fileRef = 0D07DC2218337E9700CCE04B /* XCTest.framework */; };
		0D07DC2418337E9700CCE04B /* Foundation.framework in Frameworks */ = {isa = PBXBuildFile; fileRef = 0D07DC0318337E9700CCE04B /* Foundation.framework */; };
		0D07DC2518337E9700CCE04B /* UIKit.framework in Frameworks */ = {isa = PBXBuildFile; fileRef = 0D07DC0718337E9700CCE04B /* UIKit.framework */; };
		0D07DC2D18337E9700CCE04B /* InfoPlist.strings in Resources */ = {isa = PBXBuildFile; fileRef = 0D07DC2B18337E9700CCE04B /* InfoPlist.strings */; };
		0D07DC2F18337E9700CCE04B /* NeverlateTests.m in Sources */ = {isa = PBXBuildFile; fileRef = 0D07DC2E18337E9700CCE04B /* NeverlateTests.m */; };
		0D07DC4E1833804400CCE04B /* libTenzingCore-RESTService.a in Frameworks */ = {isa = PBXBuildFile; fileRef = 0D07DC471833801300CCE04B /* libTenzingCore-RESTService.a */; };
		0D07DC4F1833804700CCE04B /* libTenzingCore.a in Frameworks */ = {isa = PBXBuildFile; fileRef = 0D07DC451833801300CCE04B /* libTenzingCore.a */; };
		0D07DC521833807000CCE04B /* GSStop.m in Sources */ = {isa = PBXBuildFile; fileRef = 0D07DC511833807000CCE04B /* GSStop.m */; };
		0D07DC531833807000CCE04B /* GSStop.m in Sources */ = {isa = PBXBuildFile; fileRef = 0D07DC511833807000CCE04B /* GSStop.m */; };
		0D07DC56183383D100CCE04B /* GSAgency.m in Sources */ = {isa = PBXBuildFile; fileRef = 0D07DC55183383D100CCE04B /* GSAgency.m */; };
		0D07DC57183383D100CCE04B /* GSAgency.m in Sources */ = {isa = PBXBuildFile; fileRef = 0D07DC55183383D100CCE04B /* GSAgency.m */; };
		0D07DC5A1833855000CCE04B /* GSRoute.m in Sources */ = {isa = PBXBuildFile; fileRef = 0D07DC591833855000CCE04B /* GSRoute.m */; };
		0D07DC5B1833855000CCE04B /* GSRoute.m in Sources */ = {isa = PBXBuildFile; fileRef = 0D07DC591833855000CCE04B /* GSRoute.m */; };
		0D07DC5E183385E500CCE04B /* GSTrip.m in Sources */ = {isa = PBXBuildFile; fileRef = 0D07DC5D183385E500CCE04B /* GSTrip.m */; };
		0D07DC5F183385E500CCE04B /* GSTrip.m in Sources */ = {isa = PBXBuildFile; fileRef = 0D07DC5D183385E500CCE04B /* GSTrip.m */; };
		0D07DC621833867700CCE04B /* GSDeparture.m in Sources */ = {isa = PBXBuildFile; fileRef = 0D07DC611833867700CCE04B /* GSDeparture.m */; };
		0D07DC631833867700CCE04B /* GSDeparture.m in Sources */ = {isa = PBXBuildFile; fileRef = 0D07DC611833867700CCE04B /* GSDeparture.m */; };
		0D07DC6B1833895F00CCE04B /* ISO8601DateFormatter.m in Sources */ = {isa = PBXBuildFile; fileRef = 0D07DC6A1833895F00CCE04B /* ISO8601DateFormatter.m */; };
		0D07DC6C1833895F00CCE04B /* ISO8601DateFormatter.m in Sources */ = {isa = PBXBuildFile; fileRef = 0D07DC6A1833895F00CCE04B /* ISO8601DateFormatter.m */; };
		0D07DC6F18338B4800CCE04B /* GSNeverlateService.m in Sources */ = {isa = PBXBuildFile; fileRef = 0D07DC6E18338B4800CCE04B /* GSNeverlateService.m */; };
		0D07DC7018338B4800CCE04B /* GSNeverlateService.m in Sources */ = {isa = PBXBuildFile; fileRef = 0D07DC6E18338B4800CCE04B /* GSNeverlateService.m */; };
		0D07DC76183395DA00CCE04B /* libTenzingCore-RESTService.a in Frameworks */ = {isa = PBXBuildFile; fileRef = 0D07DC471833801300CCE04B /* libTenzingCore-RESTService.a */; };
		0D07DC77183395DD00CCE04B /* libTenzingCore.a in Frameworks */ = {isa = PBXBuildFile; fileRef = 0D07DC451833801300CCE04B /* libTenzingCore.a */; };
		0D07DC7C1833A4B700CCE04B /* GSStopsTableController.m in Sources */ = {isa = PBXBuildFile; fileRef = 0D07DC7B1833A4B700CCE04B /* GSStopsTableController.m */; };
		0D07DC7D1833A4B700CCE04B /* GSStopsTableController.m in Sources */ = {isa = PBXBuildFile; fileRef = 0D07DC7B1833A4B700CCE04B /* GSStopsTableController.m */; };
		0D25ADA118353C910036D18D /* GSNanoStoreServiceCache.m in Sources */ = {isa = PBXBuildFile; fileRef = 0D25ADA018353C910036D18D /* GSNanoStoreServiceCache.m */; };
		0D3295911833B82300BE6D8C /* ionicons.ttf in Resources */ = {isa = PBXBuildFile; fileRef = 0D3295901833B80D00BE6D8C /* ionicons.ttf */; };
		0D3295961833B8E300BE6D8C /* UIFont+IonIcons.m in Sources */ = {isa = PBXBuildFile; fileRef = 0D3295951833B8E300BE6D8C /* UIFont+IonIcons.m */; };
		0D32959A1834359A00BE6D8C /* GSDepartureHeaderView.xib in Resources */ = {isa = PBXBuildFile; fileRef = 0D3295991834359A00BE6D8C /* GSDepartureHeaderView.xib */; };
		0D32959E1834370700BE6D8C /* GSDepartureHeaderView.m in Sources */ = {isa = PBXBuildFile; fileRef = 0D32959D1834370700BE6D8C /* GSDepartureHeaderView.m */; };
		0D35D2FB1833A8580061CD8B /* GSStopCell.m in Sources */ = {isa = PBXBuildFile; fileRef = 0D35D2FA1833A8580061CD8B /* GSStopCell.m */; };
		0D35D2FE1833AAEE0061CD8B /* GSNavigationBar.m in Sources */ = {isa = PBXBuildFile; fileRef = 0D35D2FD1833AAEE0061CD8B /* GSNavigationBar.m */; };
		0D35D3031833D2890061CD8B /* GSLocationManager.m in Sources */ = {isa = PBXBuildFile; fileRef = 0D35D3021833D2890061CD8B /* GSLocationManager.m */; };
		0D35D30E1833D6F00061CD8B /* ScrollViewFrameAccessor.m in Sources */ = {isa = PBXBuildFile; fileRef = 0D35D30B1833D6F00061CD8B /* ScrollViewFrameAccessor.m */; };
		0D35D30F1833D6F00061CD8B /* ViewFrameAccessor.m in Sources */ = {isa = PBXBuildFile; fileRef = 0D35D30D1833D6F00061CD8B /* ViewFrameAccessor.m */; };
		0D35D3131833DEDE0061CD8B /* GSCoordinates.m in Sources */ = {isa = PBXBuildFile; fileRef = 0D35D3121833DEDE0061CD8B /* GSCoordinates.m */; };
		0D35D3181834CD340061CD8B /* GSNavigationController.m in Sources */ = {isa = PBXBuildFile; fileRef = 0D35D3171834CD340061CD8B /* GSNavigationController.m */; };
		0D35D32B1834EEDE0061CD8B /* libnanostore2.a in Frameworks */ = {isa = PBXBuildFile; fileRef = 0D35D3241834EEC00061CD8B /* libnanostore2.a */; };
		0D35D32D1834EF1F0061CD8B /* libsqlite3.dylib in Frameworks */ = {isa = PBXBuildFile; fileRef = 0D35D32C1834EF1F0061CD8B /* libsqlite3.dylib */; };
		0DFF187E18361B8500B08CA9 /* CLLocation+Heading.m in Sources */ = {isa = PBXBuildFile; fileRef = 0DFF187D18361B8500B08CA9 /* CLLocation+Heading.m */; };
		0DFF188B183639CD00B08CA9 /* GSIndeterminatedProgressView.m in Sources */ = {isa = PBXBuildFile; fileRef = 0DFF188A183639CD00B08CA9 /* GSIndeterminatedProgressView.m */; };
/* End PBXBuildFile section */

/* Begin PBXContainerItemProxy section */
		0D07DC2618337E9700CCE04B /* PBXContainerItemProxy */ = {
			isa = PBXContainerItemProxy;
			containerPortal = 0D07DBF818337E9700CCE04B /* Project object */;
			proxyType = 1;
			remoteGlobalIDString = 0D07DBFF18337E9700CCE04B;
			remoteInfo = Neverlate;
		};
		0D07DC441833801300CCE04B /* PBXContainerItemProxy */ = {
			isa = PBXContainerItemProxy;
			containerPortal = 0D07DC3E1833801300CCE04B /* TenzingCore.xcodeproj */;
			proxyType = 2;
			remoteGlobalIDString = 0DCE261F162DC7F500649563;
			remoteInfo = TenzingCore;
		};
		0D07DC461833801300CCE04B /* PBXContainerItemProxy */ = {
			isa = PBXContainerItemProxy;
			containerPortal = 0D07DC3E1833801300CCE04B /* TenzingCore.xcodeproj */;
			proxyType = 2;
			remoteGlobalIDString = 0D2666DA16835096000B905C;
			remoteInfo = "TenzingCore-RESTService";
		};
		0D07DC481833801300CCE04B /* PBXContainerItemProxy */ = {
			isa = PBXContainerItemProxy;
			containerPortal = 0D07DC3E1833801300CCE04B /* TenzingCore.xcodeproj */;
			proxyType = 2;
			remoteGlobalIDString = 0DCE2630162DC7F500649563;
			remoteInfo = TenzingCoreTests;
		};
		0D07DC4A1833803B00CCE04B /* PBXContainerItemProxy */ = {
			isa = PBXContainerItemProxy;
			containerPortal = 0D07DC3E1833801300CCE04B /* TenzingCore.xcodeproj */;
			proxyType = 1;
			remoteGlobalIDString = 0DCE261E162DC7F500649563;
			remoteInfo = TenzingCore;
		};
		0D07DC4C1833803D00CCE04B /* PBXContainerItemProxy */ = {
			isa = PBXContainerItemProxy;
			containerPortal = 0D07DC3E1833801300CCE04B /* TenzingCore.xcodeproj */;
			proxyType = 1;
			remoteGlobalIDString = 0D2666D916835096000B905C;
			remoteInfo = "TenzingCore-RESTService";
		};
		0D07DC72183395D400CCE04B /* PBXContainerItemProxy */ = {
			isa = PBXContainerItemProxy;
			containerPortal = 0D07DC3E1833801300CCE04B /* TenzingCore.xcodeproj */;
			proxyType = 1;
			remoteGlobalIDString = 0DCE261E162DC7F500649563;
			remoteInfo = TenzingCore;
		};
		0D07DC74183395D600CCE04B /* PBXContainerItemProxy */ = {
			isa = PBXContainerItemProxy;
			containerPortal = 0D07DC3E1833801300CCE04B /* TenzingCore.xcodeproj */;
			proxyType = 1;
			remoteGlobalIDString = 0D2666D916835096000B905C;
			remoteInfo = "TenzingCore-RESTService";
		};
		0D35D3211834EEC00061CD8B /* PBXContainerItemProxy */ = {
			isa = PBXContainerItemProxy;
			containerPortal = 0D35D3191834EEBE0061CD8B /* NanoStore.xcodeproj */;
			proxyType = 2;
			remoteGlobalIDString = 8DC2EF5B0486A6940098B216;
			remoteInfo = NanoStore;
		};
		0D35D3231834EEC00061CD8B /* PBXContainerItemProxy */ = {
			isa = PBXContainerItemProxy;
			containerPortal = 0D35D3191834EEBE0061CD8B /* NanoStore.xcodeproj */;
			proxyType = 2;
			remoteGlobalIDString = 748D3451139772B600FD5565;
			remoteInfo = libnanostore2;
		};
		0D35D3251834EEC00061CD8B /* PBXContainerItemProxy */ = {
			isa = PBXContainerItemProxy;
			containerPortal = 0D35D3191834EEBE0061CD8B /* NanoStore.xcodeproj */;
			proxyType = 2;
			remoteGlobalIDString = 74C1FA8C1538DDD60077DAD1;
			remoteInfo = UnitTestMac;
		};
		0D35D3271834EEC00061CD8B /* PBXContainerItemProxy */ = {
			isa = PBXContainerItemProxy;
			containerPortal = 0D35D3191834EEBE0061CD8B /* NanoStore.xcodeproj */;
			proxyType = 2;
			remoteGlobalIDString = 74C1FABE1538E14B0077DAD1;
			remoteInfo = UnitTestiOS;
		};
		0D35D3291834EED70061CD8B /* PBXContainerItemProxy */ = {
			isa = PBXContainerItemProxy;
			containerPortal = 0D35D3191834EEBE0061CD8B /* NanoStore.xcodeproj */;
			proxyType = 1;
			remoteGlobalIDString = 748D3450139772B600FD5565;
			remoteInfo = libnanostore2;
		};
/* End PBXContainerItemProxy section */

/* Begin PBXFileReference section */
		0D07DC0018337E9700CCE04B /* Neverlate.app */ = {isa = PBXFileReference; explicitFileType = wrapper.application; includeInIndex = 0; path = Neverlate.app; sourceTree = BUILT_PRODUCTS_DIR; };
		0D07DC0318337E9700CCE04B /* Foundation.framework */ = {isa = PBXFileReference; lastKnownFileType = wrapper.framework; name = Foundation.framework; path = System/Library/Frameworks/Foundation.framework; sourceTree = SDKROOT; };
		0D07DC0518337E9700CCE04B /* CoreGraphics.framework */ = {isa = PBXFileReference; lastKnownFileType = wrapper.framework; name = CoreGraphics.framework; path = System/Library/Frameworks/CoreGraphics.framework; sourceTree = SDKROOT; };
		0D07DC0718337E9700CCE04B /* UIKit.framework */ = {isa = PBXFileReference; lastKnownFileType = wrapper.framework; name = UIKit.framework; path = System/Library/Frameworks/UIKit.framework; sourceTree = SDKROOT; };
		0D07DC0B18337E9700CCE04B /* Neverlate-Info.plist */ = {isa = PBXFileReference; lastKnownFileType = text.plist.xml; path = "Neverlate-Info.plist"; sourceTree = "<group>"; };
		0D07DC0D18337E9700CCE04B /* en */ = {isa = PBXFileReference; lastKnownFileType = text.plist.strings; name = en; path = en.lproj/InfoPlist.strings; sourceTree = "<group>"; };
		0D07DC0F18337E9700CCE04B /* main.m */ = {isa = PBXFileReference; lastKnownFileType = sourcecode.c.objc; path = main.m; sourceTree = "<group>"; };
		0D07DC1118337E9700CCE04B /* Neverlate-Prefix.pch */ = {isa = PBXFileReference; lastKnownFileType = sourcecode.c.h; path = "Neverlate-Prefix.pch"; sourceTree = "<group>"; };
		0D07DC1218337E9700CCE04B /* GSAppDelegate.h */ = {isa = PBXFileReference; lastKnownFileType = sourcecode.c.h; path = GSAppDelegate.h; sourceTree = "<group>"; };
		0D07DC1318337E9700CCE04B /* GSAppDelegate.m */ = {isa = PBXFileReference; lastKnownFileType = sourcecode.c.objc; path = GSAppDelegate.m; sourceTree = "<group>"; };
		0D07DC1618337E9700CCE04B /* Base */ = {isa = PBXFileReference; lastKnownFileType = file.storyboard; name = Base; path = Base.lproj/Main.storyboard; sourceTree = "<group>"; };
		0D07DC1B18337E9700CCE04B /* Images.xcassets */ = {isa = PBXFileReference; lastKnownFileType = folder.assetcatalog; path = Images.xcassets; sourceTree = "<group>"; };
		0D07DC2118337E9700CCE04B /* NeverlateTests.xctest */ = {isa = PBXFileReference; explicitFileType = wrapper.cfbundle; includeInIndex = 0; path = NeverlateTests.xctest; sourceTree = BUILT_PRODUCTS_DIR; };
		0D07DC2218337E9700CCE04B /* XCTest.framework */ = {isa = PBXFileReference; lastKnownFileType = wrapper.framework; name = XCTest.framework; path = Library/Frameworks/XCTest.framework; sourceTree = DEVELOPER_DIR; };
		0D07DC2A18337E9700CCE04B /* NeverlateTests-Info.plist */ = {isa = PBXFileReference; lastKnownFileType = text.plist.xml; path = "NeverlateTests-Info.plist"; sourceTree = "<group>"; };
		0D07DC2C18337E9700CCE04B /* en */ = {isa = PBXFileReference; lastKnownFileType = text.plist.strings; name = en; path = en.lproj/InfoPlist.strings; sourceTree = "<group>"; };
		0D07DC2E18337E9700CCE04B /* NeverlateTests.m */ = {isa = PBXFileReference; lastKnownFileType = sourcecode.c.objc; path = NeverlateTests.m; sourceTree = "<group>"; };
		0D07DC3E1833801300CCE04B /* TenzingCore.xcodeproj */ = {isa = PBXFileReference; lastKnownFileType = "wrapper.pb-project"; name = TenzingCore.xcodeproj; path = TenzingCore/TenzingCore.xcodeproj; sourceTree = "<group>"; };
		0D07DC501833807000CCE04B /* GSStop.h */ = {isa = PBXFileReference; fileEncoding = 4; lastKnownFileType = sourcecode.c.h; path = GSStop.h; sourceTree = "<group>"; };
		0D07DC511833807000CCE04B /* GSStop.m */ = {isa = PBXFileReference; fileEncoding = 4; lastKnownFileType = sourcecode.c.objc; path = GSStop.m; sourceTree = "<group>"; };
		0D07DC54183383D100CCE04B /* GSAgency.h */ = {isa = PBXFileReference; fileEncoding = 4; lastKnownFileType = sourcecode.c.h; path = GSAgency.h; sourceTree = "<group>"; };
		0D07DC55183383D100CCE04B /* GSAgency.m */ = {isa = PBXFileReference; fileEncoding = 4; lastKnownFileType = sourcecode.c.objc; path = GSAgency.m; sourceTree = "<group>"; };
		0D07DC581833855000CCE04B /* GSRoute.h */ = {isa = PBXFileReference; fileEncoding = 4; lastKnownFileType = sourcecode.c.h; path = GSRoute.h; sourceTree = "<group>"; };
		0D07DC591833855000CCE04B /* GSRoute.m */ = {isa = PBXFileReference; fileEncoding = 4; lastKnownFileType = sourcecode.c.objc; path = GSRoute.m; sourceTree = "<group>"; };
		0D07DC5C183385E500CCE04B /* GSTrip.h */ = {isa = PBXFileReference; fileEncoding = 4; lastKnownFileType = sourcecode.c.h; path = GSTrip.h; sourceTree = "<group>"; };
		0D07DC5D183385E500CCE04B /* GSTrip.m */ = {isa = PBXFileReference; fileEncoding = 4; lastKnownFileType = sourcecode.c.objc; path = GSTrip.m; sourceTree = "<group>"; };
		0D07DC601833867700CCE04B /* GSDeparture.h */ = {isa = PBXFileReference; fileEncoding = 4; lastKnownFileType = sourcecode.c.h; path = GSDeparture.h; sourceTree = "<group>"; };
		0D07DC611833867700CCE04B /* GSDeparture.m */ = {isa = PBXFileReference; fileEncoding = 4; lastKnownFileType = sourcecode.c.objc; path = GSDeparture.m; sourceTree = "<group>"; };
		0D07DC691833895F00CCE04B /* ISO8601DateFormatter.h */ = {isa = PBXFileReference; fileEncoding = 4; lastKnownFileType = sourcecode.c.h; path = ISO8601DateFormatter.h; sourceTree = "<group>"; };
		0D07DC6A1833895F00CCE04B /* ISO8601DateFormatter.m */ = {isa = PBXFileReference; fileEncoding = 4; lastKnownFileType = sourcecode.c.objc; path = ISO8601DateFormatter.m; sourceTree = "<group>"; };
		0D07DC6D18338B4800CCE04B /* GSNeverlateService.h */ = {isa = PBXFileReference; fileEncoding = 4; lastKnownFileType = sourcecode.c.h; path = GSNeverlateService.h; sourceTree = "<group>"; };
		0D07DC6E18338B4800CCE04B /* GSNeverlateService.m */ = {isa = PBXFileReference; fileEncoding = 4; lastKnownFileType = sourcecode.c.objc; path = GSNeverlateService.m; sourceTree = "<group>"; };
		0D07DC7A1833A4B700CCE04B /* GSStopsTableController.h */ = {isa = PBXFileReference; fileEncoding = 4; lastKnownFileType = sourcecode.c.h; path = GSStopsTableController.h; sourceTree = "<group>"; };
		0D07DC7B1833A4B700CCE04B /* GSStopsTableController.m */ = {isa = PBXFileReference; fileEncoding = 4; lastKnownFileType = sourcecode.c.objc; path = GSStopsTableController.m; sourceTree = "<group>"; };
		0D25AD9F18353C910036D18D /* GSNanoStoreServiceCache.h */ = {isa = PBXFileReference; fileEncoding = 4; lastKnownFileType = sourcecode.c.h; path = GSNanoStoreServiceCache.h; sourceTree = "<group>"; };
		0D25ADA018353C910036D18D /* GSNanoStoreServiceCache.m */ = {isa = PBXFileReference; fileEncoding = 4; lastKnownFileType = sourcecode.c.objc; path = GSNanoStoreServiceCache.m; sourceTree = "<group>"; };
		0D3295901833B80D00BE6D8C /* ionicons.ttf */ = {isa = PBXFileReference; lastKnownFileType = file; path = ionicons.ttf; sourceTree = "<group>"; };
		0D3295941833B8E300BE6D8C /* UIFont+IonIcons.h */ = {isa = PBXFileReference; fileEncoding = 4; lastKnownFileType = sourcecode.c.h; path = "UIFont+IonIcons.h"; sourceTree = "<group>"; };
		0D3295951833B8E300BE6D8C /* UIFont+IonIcons.m */ = {isa = PBXFileReference; fileEncoding = 4; lastKnownFileType = sourcecode.c.objc; path = "UIFont+IonIcons.m"; sourceTree = "<group>"; };
		0D3295991834359A00BE6D8C /* GSDepartureHeaderView.xib */ = {isa = PBXFileReference; fileEncoding = 4; lastKnownFileType = file.xib; path = GSDepartureHeaderView.xib; sourceTree = "<group>"; };
		0D32959C1834370700BE6D8C /* GSDepartureHeaderView.h */ = {isa = PBXFileReference; fileEncoding = 4; lastKnownFileType = sourcecode.c.h; path = GSDepartureHeaderView.h; sourceTree = "<group>"; };
		0D32959D1834370700BE6D8C /* GSDepartureHeaderView.m */ = {isa = PBXFileReference; fileEncoding = 4; lastKnownFileType = sourcecode.c.objc; path = GSDepartureHeaderView.m; sourceTree = "<group>"; };
		0D35D2F91833A8580061CD8B /* GSStopCell.h */ = {isa = PBXFileReference; fileEncoding = 4; lastKnownFileType = sourcecode.c.h; path = GSStopCell.h; sourceTree = "<group>"; };
		0D35D2FA1833A8580061CD8B /* GSStopCell.m */ = {isa = PBXFileReference; fileEncoding = 4; lastKnownFileType = sourcecode.c.objc; path = GSStopCell.m; sourceTree = "<group>"; };
		0D35D2FC1833AAEE0061CD8B /* GSNavigationBar.h */ = {isa = PBXFileReference; fileEncoding = 4; lastKnownFileType = sourcecode.c.h; path = GSNavigationBar.h; sourceTree = "<group>"; };
		0D35D2FD1833AAEE0061CD8B /* GSNavigationBar.m */ = {isa = PBXFileReference; fileEncoding = 4; lastKnownFileType = sourcecode.c.objc; path = GSNavigationBar.m; sourceTree = "<group>"; };
		0D35D3011833D2890061CD8B /* GSLocationManager.h */ = {isa = PBXFileReference; fileEncoding = 4; lastKnownFileType = sourcecode.c.h; path = GSLocationManager.h; sourceTree = "<group>"; };
		0D35D3021833D2890061CD8B /* GSLocationManager.m */ = {isa = PBXFileReference; fileEncoding = 4; lastKnownFileType = sourcecode.c.objc; path = GSLocationManager.m; sourceTree = "<group>"; };
		0D35D3091833D6F00061CD8B /* FrameAccessor.h */ = {isa = PBXFileReference; fileEncoding = 4; lastKnownFileType = sourcecode.c.h; path = FrameAccessor.h; sourceTree = "<group>"; };
		0D35D30A1833D6F00061CD8B /* ScrollViewFrameAccessor.h */ = {isa = PBXFileReference; fileEncoding = 4; lastKnownFileType = sourcecode.c.h; path = ScrollViewFrameAccessor.h; sourceTree = "<group>"; };
		0D35D30B1833D6F00061CD8B /* ScrollViewFrameAccessor.m */ = {isa = PBXFileReference; fileEncoding = 4; lastKnownFileType = sourcecode.c.objc; path = ScrollViewFrameAccessor.m; sourceTree = "<group>"; };
		0D35D30C1833D6F00061CD8B /* ViewFrameAccessor.h */ = {isa = PBXFileReference; fileEncoding = 4; lastKnownFileType = sourcecode.c.h; path = ViewFrameAccessor.h; sourceTree = "<group>"; };
		0D35D30D1833D6F00061CD8B /* ViewFrameAccessor.m */ = {isa = PBXFileReference; fileEncoding = 4; lastKnownFileType = sourcecode.c.objc; path = ViewFrameAccessor.m; sourceTree = "<group>"; };
		0D35D3111833DEDE0061CD8B /* GSCoordinates.h */ = {isa = PBXFileReference; fileEncoding = 4; lastKnownFileType = sourcecode.c.h; path = GSCoordinates.h; sourceTree = "<group>"; };
		0D35D3121833DEDE0061CD8B /* GSCoordinates.m */ = {isa = PBXFileReference; fileEncoding = 4; lastKnownFileType = sourcecode.c.objc; path = GSCoordinates.m; sourceTree = "<group>"; };
		0D35D3161834CD340061CD8B /* GSNavigationController.h */ = {isa = PBXFileReference; fileEncoding = 4; lastKnownFileType = sourcecode.c.h; path = GSNavigationController.h; sourceTree = "<group>"; };
		0D35D3171834CD340061CD8B /* GSNavigationController.m */ = {isa = PBXFileReference; fileEncoding = 4; lastKnownFileType = sourcecode.c.objc; path = GSNavigationController.m; sourceTree = "<group>"; };
		0D35D3191834EEBE0061CD8B /* NanoStore.xcodeproj */ = {isa = PBXFileReference; lastKnownFileType = "wrapper.pb-project"; name = NanoStore.xcodeproj; path = NanoStore/NanoStore.xcodeproj; sourceTree = "<group>"; };
		0D35D32C1834EF1F0061CD8B /* libsqlite3.dylib */ = {isa = PBXFileReference; lastKnownFileType = "compiled.mach-o.dylib"; name = libsqlite3.dylib; path = usr/lib/libsqlite3.dylib; sourceTree = SDKROOT; };
		0DFF187C18361B8500B08CA9 /* CLLocation+Heading.h */ = {isa = PBXFileReference; fileEncoding = 4; lastKnownFileType = sourcecode.c.h; path = "CLLocation+Heading.h"; sourceTree = "<group>"; };
		0DFF187D18361B8500B08CA9 /* CLLocation+Heading.m */ = {isa = PBXFileReference; fileEncoding = 4; lastKnownFileType = sourcecode.c.objc; path = "CLLocation+Heading.m"; sourceTree = "<group>"; };
		0DFF1889183639CC00B08CA9 /* GSIndeterminatedProgressView.h */ = {isa = PBXFileReference; fileEncoding = 4; lastKnownFileType = sourcecode.c.h; path = GSIndeterminatedProgressView.h; sourceTree = "<group>"; };
		0DFF188A183639CD00B08CA9 /* GSIndeterminatedProgressView.m */ = {isa = PBXFileReference; fileEncoding = 4; lastKnownFileType = sourcecode.c.objc; path = GSIndeterminatedProgressView.m; sourceTree = "<group>"; };
/* End PBXFileReference section */

/* Begin PBXFrameworksBuildPhase section */
		0D07DBFD18337E9700CCE04B /* Frameworks */ = {
			isa = PBXFrameworksBuildPhase;
			buildActionMask = 2147483647;
			files = (
				0D35D32D1834EF1F0061CD8B /* libsqlite3.dylib in Frameworks */,
				0D35D32B1834EEDE0061CD8B /* libnanostore2.a in Frameworks */,
				0D07DC4F1833804700CCE04B /* libTenzingCore.a in Frameworks */,
				0D07DC4E1833804400CCE04B /* libTenzingCore-RESTService.a in Frameworks */,
				0D07DC0618337E9700CCE04B /* CoreGraphics.framework in Frameworks */,
				0D07DC0818337E9700CCE04B /* UIKit.framework in Frameworks */,
				0D07DC0418337E9700CCE04B /* Foundation.framework in Frameworks */,
			);
			runOnlyForDeploymentPostprocessing = 0;
		};
		0D07DC1E18337E9700CCE04B /* Frameworks */ = {
			isa = PBXFrameworksBuildPhase;
			buildActionMask = 2147483647;
			files = (
				0D07DC77183395DD00CCE04B /* libTenzingCore.a in Frameworks */,
				0D07DC76183395DA00CCE04B /* libTenzingCore-RESTService.a in Frameworks */,
				0D07DC2318337E9700CCE04B /* XCTest.framework in Frameworks */,
				0D07DC2518337E9700CCE04B /* UIKit.framework in Frameworks */,
				0D07DC2418337E9700CCE04B /* Foundation.framework in Frameworks */,
			);
			runOnlyForDeploymentPostprocessing = 0;
		};
/* End PBXFrameworksBuildPhase section */

/* Begin PBXGroup section */
		0D07DBF718337E9700CCE04B = {
			isa = PBXGroup;
			children = (
				0D07DC0918337E9700CCE04B /* Neverlate */,
				0D07DC2818337E9700CCE04B /* NeverlateTests */,
				0D07DC64183387CB00CCE04B /* Vendor */,
				0D07DC0218337E9700CCE04B /* Frameworks */,
				0D07DC0118337E9700CCE04B /* Products */,
			);
			sourceTree = "<group>";
		};
		0D07DC0118337E9700CCE04B /* Products */ = {
			isa = PBXGroup;
			children = (
				0D07DC0018337E9700CCE04B /* Neverlate.app */,
				0D07DC2118337E9700CCE04B /* NeverlateTests.xctest */,
			);
			name = Products;
			sourceTree = "<group>";
		};
		0D07DC0218337E9700CCE04B /* Frameworks */ = {
			isa = PBXGroup;
			children = (
				0D35D3191834EEBE0061CD8B /* NanoStore.xcodeproj */,
				0D07DC3E1833801300CCE04B /* TenzingCore.xcodeproj */,
				0D07DC0318337E9700CCE04B /* Foundation.framework */,
				0D07DC0518337E9700CCE04B /* CoreGraphics.framework */,
				0D07DC0718337E9700CCE04B /* UIKit.framework */,
				0D07DC2218337E9700CCE04B /* XCTest.framework */,
				0D35D32C1834EF1F0061CD8B /* libsqlite3.dylib */,
			);
			name = Frameworks;
			sourceTree = "<group>";
		};
		0D07DC0918337E9700CCE04B /* Neverlate */ = {
			isa = PBXGroup;
			children = (
				0D3295921833B88D00BE6D8C /* Categories */,
				0D07DC3D18337F3500CCE04B /* Models */,
				0D07DC7E1833A4C200CCE04B /* Contollers */,
				0D35D2F81833A83E0061CD8B /* Views */,
				0D07DC1218337E9700CCE04B /* GSAppDelegate.h */,
				0D07DC1318337E9700CCE04B /* GSAppDelegate.m */,
				0D07DC6D18338B4800CCE04B /* GSNeverlateService.h */,
				0D07DC6E18338B4800CCE04B /* GSNeverlateService.m */,
				0D35D3011833D2890061CD8B /* GSLocationManager.h */,
				0D35D3021833D2890061CD8B /* GSLocationManager.m */,
				0D25AD9F18353C910036D18D /* GSNanoStoreServiceCache.h */,
				0D25ADA018353C910036D18D /* GSNanoStoreServiceCache.m */,
				0D07DC1B18337E9700CCE04B /* Images.xcassets */,
				0D07DC0A18337E9700CCE04B /* Supporting Files */,
			);
			path = Neverlate;
			sourceTree = "<group>";
		};
		0D07DC0A18337E9700CCE04B /* Supporting Files */ = {
			isa = PBXGroup;
			children = (
				0D3295901833B80D00BE6D8C /* ionicons.ttf */,
				0D07DC0B18337E9700CCE04B /* Neverlate-Info.plist */,
				0D07DC0C18337E9700CCE04B /* InfoPlist.strings */,
				0D07DC0F18337E9700CCE04B /* main.m */,
				0D07DC1118337E9700CCE04B /* Neverlate-Prefix.pch */,
			);
			name = "Supporting Files";
			sourceTree = "<group>";
		};
		0D07DC2818337E9700CCE04B /* NeverlateTests */ = {
			isa = PBXGroup;
			children = (
				0D07DC2E18337E9700CCE04B /* NeverlateTests.m */,
				0D07DC2918337E9700CCE04B /* Supporting Files */,
			);
			path = NeverlateTests;
			sourceTree = "<group>";
		};
		0D07DC2918337E9700CCE04B /* Supporting Files */ = {
			isa = PBXGroup;
			children = (
				0D07DC2A18337E9700CCE04B /* NeverlateTests-Info.plist */,
				0D07DC2B18337E9700CCE04B /* InfoPlist.strings */,
			);
			name = "Supporting Files";
			sourceTree = "<group>";
		};
		0D07DC3D18337F3500CCE04B /* Models */ = {
			isa = PBXGroup;
			children = (
				0D07DC54183383D100CCE04B /* GSAgency.h */,
				0D07DC55183383D100CCE04B /* GSAgency.m */,
				0D07DC501833807000CCE04B /* GSStop.h */,
				0D07DC511833807000CCE04B /* GSStop.m */,
				0D07DC581833855000CCE04B /* GSRoute.h */,
				0D07DC591833855000CCE04B /* GSRoute.m */,
				0D07DC5C183385E500CCE04B /* GSTrip.h */,
				0D07DC5D183385E500CCE04B /* GSTrip.m */,
				0D07DC601833867700CCE04B /* GSDeparture.h */,
				0D07DC611833867700CCE04B /* GSDeparture.m */,
				0D35D3111833DEDE0061CD8B /* GSCoordinates.h */,
				0D35D3121833DEDE0061CD8B /* GSCoordinates.m */,
			);
			name = Models;
			sourceTree = "<group>";
		};
		0D07DC3F1833801300CCE04B /* Products */ = {
			isa = PBXGroup;
			children = (
				0D07DC451833801300CCE04B /* libTenzingCore.a */,
				0D07DC471833801300CCE04B /* libTenzingCore-RESTService.a */,
				0D07DC491833801300CCE04B /* TenzingCoreTests.octest */,
			);
			name = Products;
			sourceTree = "<group>";
		};
		0D07DC64183387CB00CCE04B /* Vendor */ = {
			isa = PBXGroup;
			children = (
				0D35D3101833D6F80061CD8B /* ISO8601DateFormatter */,
				0D35D3081833D6F00061CD8B /* FrameAccessor */,
			);
			name = Vendor;
			sourceTree = "<group>";
		};
		0D07DC7E1833A4C200CCE04B /* Contollers */ = {
			isa = PBXGroup;
			children = (
				0D35D3161834CD340061CD8B /* GSNavigationController.h */,
				0D35D3171834CD340061CD8B /* GSNavigationController.m */,
				0D07DC7A1833A4B700CCE04B /* GSStopsTableController.h */,
				0D07DC7B1833A4B700CCE04B /* GSStopsTableController.m */,
			);
			name = Contollers;
			sourceTree = "<group>";
		};
		0D3295921833B88D00BE6D8C /* Categories */ = {
			isa = PBXGroup;
			children = (
				0D3295941833B8E300BE6D8C /* UIFont+IonIcons.h */,
				0D3295951833B8E300BE6D8C /* UIFont+IonIcons.m */,
				0DFF187C18361B8500B08CA9 /* CLLocation+Heading.h */,
				0DFF187D18361B8500B08CA9 /* CLLocation+Heading.m */,
			);
			name = Categories;
			sourceTree = "<group>";
		};
		0D35D2F81833A83E0061CD8B /* Views */ = {
			isa = PBXGroup;
			children = (
				0D07DC1518337E9700CCE04B /* Main.storyboard */,
				0DFF1889183639CC00B08CA9 /* GSIndeterminatedProgressView.h */,
				0DFF188A183639CD00B08CA9 /* GSIndeterminatedProgressView.m */,
				0D35D2FC1833AAEE0061CD8B /* GSNavigationBar.h */,
				0D35D2FD1833AAEE0061CD8B /* GSNavigationBar.m */,
				0D35D2F91833A8580061CD8B /* GSStopCell.h */,
				0D35D2FA1833A8580061CD8B /* GSStopCell.m */,
				0D3295991834359A00BE6D8C /* GSDepartureHeaderView.xib */,
				0D32959C1834370700BE6D8C /* GSDepartureHeaderView.h */,
				0D32959D1834370700BE6D8C /* GSDepartureHeaderView.m */,
			);
			name = Views;
			sourceTree = "<group>";
		};
		0D35D3081833D6F00061CD8B /* FrameAccessor */ = {
			isa = PBXGroup;
			children = (
				0D35D3091833D6F00061CD8B /* FrameAccessor.h */,
				0D35D30A1833D6F00061CD8B /* ScrollViewFrameAccessor.h */,
				0D35D30B1833D6F00061CD8B /* ScrollViewFrameAccessor.m */,
				0D35D30C1833D6F00061CD8B /* ViewFrameAccessor.h */,
				0D35D30D1833D6F00061CD8B /* ViewFrameAccessor.m */,
			);
			path = FrameAccessor;
			sourceTree = "<group>";
		};
		0D35D3101833D6F80061CD8B /* ISO8601DateFormatter */ = {
			isa = PBXGroup;
			children = (
				0D07DC691833895F00CCE04B /* ISO8601DateFormatter.h */,
				0D07DC6A1833895F00CCE04B /* ISO8601DateFormatter.m */,
			);
			name = ISO8601DateFormatter;
			sourceTree = "<group>";
		};
		0D35D31A1834EEBE0061CD8B /* Products */ = {
			isa = PBXGroup;
			children = (
				0D35D3221834EEC00061CD8B /* NanoStore.framework */,
				0D35D3241834EEC00061CD8B /* libnanostore2.a */,
				0D35D3261834EEC00061CD8B /* UnitTestMac.octest */,
				0D35D3281834EEC00061CD8B /* UnitTestiOS.octest */,
			);
			name = Products;
			sourceTree = "<group>";
		};
/* End PBXGroup section */

/* Begin PBXNativeTarget section */
		0D07DBFF18337E9700CCE04B /* Neverlate */ = {
			isa = PBXNativeTarget;
			buildConfigurationList = 0D07DC3218337E9700CCE04B /* Build configuration list for PBXNativeTarget "Neverlate" */;
			buildPhases = (
				0D07DBFC18337E9700CCE04B /* Sources */,
				0D07DBFD18337E9700CCE04B /* Frameworks */,
				0D07DBFE18337E9700CCE04B /* Resources */,
			);
			buildRules = (
			);
			dependencies = (
				0D35D32A1834EED70061CD8B /* PBXTargetDependency */,
				0D07DC4D1833803D00CCE04B /* PBXTargetDependency */,
				0D07DC4B1833803B00CCE04B /* PBXTargetDependency */,
			);
			name = Neverlate;
			productName = Neverlate;
			productReference = 0D07DC0018337E9700CCE04B /* Neverlate.app */;
			productType = "com.apple.product-type.application";
		};
		0D07DC2018337E9700CCE04B /* NeverlateTests */ = {
			isa = PBXNativeTarget;
			buildConfigurationList = 0D07DC3518337E9700CCE04B /* Build configuration list for PBXNativeTarget "NeverlateTests" */;
			buildPhases = (
				0D07DC1D18337E9700CCE04B /* Sources */,
				0D07DC1E18337E9700CCE04B /* Frameworks */,
				0D07DC1F18337E9700CCE04B /* Resources */,
			);
			buildRules = (
			);
			dependencies = (
				0D07DC75183395D600CCE04B /* PBXTargetDependency */,
				0D07DC73183395D400CCE04B /* PBXTargetDependency */,
				0D07DC2718337E9700CCE04B /* PBXTargetDependency */,
			);
			name = NeverlateTests;
			productName = NeverlateTests;
			productReference = 0D07DC2118337E9700CCE04B /* NeverlateTests.xctest */;
			productType = "com.apple.product-type.bundle.unit-test";
		};
/* End PBXNativeTarget section */

/* Begin PBXProject section */
		0D07DBF818337E9700CCE04B /* Project object */ = {
			isa = PBXProject;
			attributes = {
				CLASSPREFIX = GS;
				LastUpgradeCheck = 0500;
				ORGANIZATIONNAME = "Endika Gutiérrez Salas";
				TargetAttributes = {
					0D07DC2018337E9700CCE04B = {
						TestTargetID = 0D07DBFF18337E9700CCE04B;
					};
				};
			};
			buildConfigurationList = 0D07DBFB18337E9700CCE04B /* Build configuration list for PBXProject "Neverlate" */;
			compatibilityVersion = "Xcode 3.2";
			developmentRegion = English;
			hasScannedForEncodings = 0;
			knownRegions = (
				en,
				Base,
			);
			mainGroup = 0D07DBF718337E9700CCE04B;
			productRefGroup = 0D07DC0118337E9700CCE04B /* Products */;
			projectDirPath = "";
			projectReferences = (
				{
					ProductGroup = 0D35D31A1834EEBE0061CD8B /* Products */;
					ProjectRef = 0D35D3191834EEBE0061CD8B /* NanoStore.xcodeproj */;
				},
				{
					ProductGroup = 0D07DC3F1833801300CCE04B /* Products */;
					ProjectRef = 0D07DC3E1833801300CCE04B /* TenzingCore.xcodeproj */;
				},
			);
			projectRoot = "";
			targets = (
				0D07DBFF18337E9700CCE04B /* Neverlate */,
				0D07DC2018337E9700CCE04B /* NeverlateTests */,
			);
		};
/* End PBXProject section */

/* Begin PBXReferenceProxy section */
		0D07DC451833801300CCE04B /* libTenzingCore.a */ = {
			isa = PBXReferenceProxy;
			fileType = archive.ar;
			path = libTenzingCore.a;
			remoteRef = 0D07DC441833801300CCE04B /* PBXContainerItemProxy */;
			sourceTree = BUILT_PRODUCTS_DIR;
		};
		0D07DC471833801300CCE04B /* libTenzingCore-RESTService.a */ = {
			isa = PBXReferenceProxy;
			fileType = archive.ar;
			path = "libTenzingCore-RESTService.a";
			remoteRef = 0D07DC461833801300CCE04B /* PBXContainerItemProxy */;
			sourceTree = BUILT_PRODUCTS_DIR;
		};
		0D07DC491833801300CCE04B /* TenzingCoreTests.octest */ = {
			isa = PBXReferenceProxy;
			fileType = wrapper.cfbundle;
			path = TenzingCoreTests.octest;
			remoteRef = 0D07DC481833801300CCE04B /* PBXContainerItemProxy */;
			sourceTree = BUILT_PRODUCTS_DIR;
		};
		0D35D3221834EEC00061CD8B /* NanoStore.framework */ = {
			isa = PBXReferenceProxy;
			fileType = wrapper.framework;
			path = NanoStore.framework;
			remoteRef = 0D35D3211834EEC00061CD8B /* PBXContainerItemProxy */;
			sourceTree = BUILT_PRODUCTS_DIR;
		};
		0D35D3241834EEC00061CD8B /* libnanostore2.a */ = {
			isa = PBXReferenceProxy;
			fileType = archive.ar;
			path = libnanostore2.a;
			remoteRef = 0D35D3231834EEC00061CD8B /* PBXContainerItemProxy */;
			sourceTree = BUILT_PRODUCTS_DIR;
		};
		0D35D3261834EEC00061CD8B /* UnitTestMac.octest */ = {
			isa = PBXReferenceProxy;
			fileType = wrapper.cfbundle;
			path = UnitTestMac.octest;
			remoteRef = 0D35D3251834EEC00061CD8B /* PBXContainerItemProxy */;
			sourceTree = BUILT_PRODUCTS_DIR;
		};
		0D35D3281834EEC00061CD8B /* UnitTestiOS.octest */ = {
			isa = PBXReferenceProxy;
			fileType = wrapper.cfbundle;
			path = UnitTestiOS.octest;
			remoteRef = 0D35D3271834EEC00061CD8B /* PBXContainerItemProxy */;
			sourceTree = BUILT_PRODUCTS_DIR;
		};
/* End PBXReferenceProxy section */

/* Begin PBXResourcesBuildPhase section */
		0D07DBFE18337E9700CCE04B /* Resources */ = {
			isa = PBXResourcesBuildPhase;
			buildActionMask = 2147483647;
			files = (
				0D3295911833B82300BE6D8C /* ionicons.ttf in Resources */,
				0D07DC1C18337E9700CCE04B /* Images.xcassets in Resources */,
				0D32959A1834359A00BE6D8C /* GSDepartureHeaderView.xib in Resources */,
				0D07DC0E18337E9700CCE04B /* InfoPlist.strings in Resources */,
				0D07DC1718337E9700CCE04B /* Main.storyboard in Resources */,
			);
			runOnlyForDeploymentPostprocessing = 0;
		};
		0D07DC1F18337E9700CCE04B /* Resources */ = {
			isa = PBXResourcesBuildPhase;
			buildActionMask = 2147483647;
			files = (
				0D07DC2D18337E9700CCE04B /* InfoPlist.strings in Resources */,
			);
			runOnlyForDeploymentPostprocessing = 0;
		};
/* End PBXResourcesBuildPhase section */

/* Begin PBXSourcesBuildPhase section */
		0D07DBFC18337E9700CCE04B /* Sources */ = {
			isa = PBXSourcesBuildPhase;
			buildActionMask = 2147483647;
			files = (
				0D25ADA118353C910036D18D /* GSNanoStoreServiceCache.m in Sources */,
				0D35D3181834CD340061CD8B /* GSNavigationController.m in Sources */,
				0D07DC5E183385E500CCE04B /* GSTrip.m in Sources */,
				0D07DC1418337E9700CCE04B /* GSAppDelegate.m in Sources */,
				0DFF187E18361B8500B08CA9 /* CLLocation+Heading.m in Sources */,
				0D07DC7C1833A4B700CCE04B /* GSStopsTableController.m in Sources */,
				0D35D3131833DEDE0061CD8B /* GSCoordinates.m in Sources */,
				0D07DC1018337E9700CCE04B /* main.m in Sources */,
				0D07DC6F18338B4800CCE04B /* GSNeverlateService.m in Sources */,
				0D07DC6B1833895F00CCE04B /* ISO8601DateFormatter.m in Sources */,
				0DFF188B183639CD00B08CA9 /* GSIndeterminatedProgressView.m in Sources */,
				0D07DC56183383D100CCE04B /* GSAgency.m in Sources */,
				0D35D30F1833D6F00061CD8B /* ViewFrameAccessor.m in Sources */,
				0D07DC521833807000CCE04B /* GSStop.m in Sources */,
				0D32959E1834370700BE6D8C /* GSDepartureHeaderView.m in Sources */,
				0D07DC621833867700CCE04B /* GSDeparture.m in Sources */,
				0D07DC5A1833855000CCE04B /* GSRoute.m in Sources */,
				0D35D3031833D2890061CD8B /* GSLocationManager.m in Sources */,
				0D35D2FB1833A8580061CD8B /* GSStopCell.m in Sources */,
				0D35D30E1833D6F00061CD8B /* ScrollViewFrameAccessor.m in Sources */,
				0D35D2FE1833AAEE0061CD8B /* GSNavigationBar.m in Sources */,
				0D3295961833B8E300BE6D8C /* UIFont+IonIcons.m in Sources */,
			);
			runOnlyForDeploymentPostprocessing = 0;
		};
		0D07DC1D18337E9700CCE04B /* Sources */ = {
			isa = PBXSourcesBuildPhase;
			buildActionMask = 2147483647;
			files = (
				0D07DC7018338B4800CCE04B /* GSNeverlateService.m in Sources */,
				0D07DC2F18337E9700CCE04B /* NeverlateTests.m in Sources */,
				0D07DC5B1833855000CCE04B /* GSRoute.m in Sources */,
				0D07DC631833867700CCE04B /* GSDeparture.m in Sources */,
				0D07DC7D1833A4B700CCE04B /* GSStopsTableController.m in Sources */,
				0D07DC5F183385E500CCE04B /* GSTrip.m in Sources */,
				0D07DC57183383D100CCE04B /* GSAgency.m in Sources */,
				0D07DC531833807000CCE04B /* GSStop.m in Sources */,
				0D07DC6C1833895F00CCE04B /* ISO8601DateFormatter.m in Sources */,
			);
			runOnlyForDeploymentPostprocessing = 0;
		};
/* End PBXSourcesBuildPhase section */

/* Begin PBXTargetDependency section */
		0D07DC2718337E9700CCE04B /* PBXTargetDependency */ = {
			isa = PBXTargetDependency;
			target = 0D07DBFF18337E9700CCE04B /* Neverlate */;
			targetProxy = 0D07DC2618337E9700CCE04B /* PBXContainerItemProxy */;
		};
		0D07DC4B1833803B00CCE04B /* PBXTargetDependency */ = {
			isa = PBXTargetDependency;
			name = TenzingCore;
			targetProxy = 0D07DC4A1833803B00CCE04B /* PBXContainerItemProxy */;
		};
		0D07DC4D1833803D00CCE04B /* PBXTargetDependency */ = {
			isa = PBXTargetDependency;
			name = "TenzingCore-RESTService";
			targetProxy = 0D07DC4C1833803D00CCE04B /* PBXContainerItemProxy */;
		};
		0D07DC73183395D400CCE04B /* PBXTargetDependency */ = {
			isa = PBXTargetDependency;
			name = TenzingCore;
			targetProxy = 0D07DC72183395D400CCE04B /* PBXContainerItemProxy */;
		};
		0D07DC75183395D600CCE04B /* PBXTargetDependency */ = {
			isa = PBXTargetDependency;
			name = "TenzingCore-RESTService";
			targetProxy = 0D07DC74183395D600CCE04B /* PBXContainerItemProxy */;
		};
		0D35D32A1834EED70061CD8B /* PBXTargetDependency */ = {
			isa = PBXTargetDependency;
			name = libnanostore2;
			targetProxy = 0D35D3291834EED70061CD8B /* PBXContainerItemProxy */;
		};
/* End PBXTargetDependency section */

/* Begin PBXVariantGroup section */
		0D07DC0C18337E9700CCE04B /* InfoPlist.strings */ = {
			isa = PBXVariantGroup;
			children = (
				0D07DC0D18337E9700CCE04B /* en */,
			);
			name = InfoPlist.strings;
			sourceTree = "<group>";
		};
		0D07DC1518337E9700CCE04B /* Main.storyboard */ = {
			isa = PBXVariantGroup;
			children = (
				0D07DC1618337E9700CCE04B /* Base */,
			);
			name = Main.storyboard;
			sourceTree = "<group>";
		};
		0D07DC2B18337E9700CCE04B /* InfoPlist.strings */ = {
			isa = PBXVariantGroup;
			children = (
				0D07DC2C18337E9700CCE04B /* en */,
			);
			name = InfoPlist.strings;
			sourceTree = "<group>";
		};
/* End PBXVariantGroup section */

/* Begin XCBuildConfiguration section */
		0D07DC3018337E9700CCE04B /* Debug */ = {
			isa = XCBuildConfiguration;
			buildSettings = {
				ALWAYS_SEARCH_USER_PATHS = NO;
				ARCHS = "$(ARCHS_STANDARD_INCLUDING_64_BIT)";
				CLANG_CXX_LANGUAGE_STANDARD = "gnu++0x";
				CLANG_CXX_LIBRARY = "libc++";
				CLANG_ENABLE_MODULES = YES;
				CLANG_ENABLE_OBJC_ARC = YES;
				CLANG_WARN_BOOL_CONVERSION = YES;
				CLANG_WARN_CONSTANT_CONVERSION = YES;
				CLANG_WARN_DIRECT_OBJC_ISA_USAGE = YES_ERROR;
				CLANG_WARN_EMPTY_BODY = YES;
				CLANG_WARN_ENUM_CONVERSION = YES;
				CLANG_WARN_INT_CONVERSION = YES;
				CLANG_WARN_OBJC_ROOT_CLASS = YES_ERROR;
				CLANG_WARN__DUPLICATE_METHOD_MATCH = YES;
				"CODE_SIGN_IDENTITY[sdk=iphoneos*]" = "iPhone Developer";
				COPY_PHASE_STRIP = NO;
				GCC_C_LANGUAGE_STANDARD = gnu99;
				GCC_DYNAMIC_NO_PIC = NO;
				GCC_OPTIMIZATION_LEVEL = 0;
				GCC_PREPROCESSOR_DEFINITIONS = (
					"DEBUG=1",
					"$(inherited)",
				);
				GCC_SYMBOLS_PRIVATE_EXTERN = NO;
				GCC_WARN_64_TO_32_BIT_CONVERSION = YES;
				GCC_WARN_ABOUT_RETURN_TYPE = YES_ERROR;
				GCC_WARN_UNDECLARED_SELECTOR = YES;
				GCC_WARN_UNINITIALIZED_AUTOS = YES;
				GCC_WARN_UNUSED_FUNCTION = YES;
				GCC_WARN_UNUSED_VARIABLE = YES;
				IPHONEOS_DEPLOYMENT_TARGET = 7.0;
				ONLY_ACTIVE_ARCH = YES;
				SDKROOT = iphoneos;
			};
			name = Debug;
		};
		0D07DC3118337E9700CCE04B /* Release */ = {
			isa = XCBuildConfiguration;
			buildSettings = {
				ALWAYS_SEARCH_USER_PATHS = NO;
				ARCHS = "$(ARCHS_STANDARD_INCLUDING_64_BIT)";
				CLANG_CXX_LANGUAGE_STANDARD = "gnu++0x";
				CLANG_CXX_LIBRARY = "libc++";
				CLANG_ENABLE_MODULES = YES;
				CLANG_ENABLE_OBJC_ARC = YES;
				CLANG_WARN_BOOL_CONVERSION = YES;
				CLANG_WARN_CONSTANT_CONVERSION = YES;
				CLANG_WARN_DIRECT_OBJC_ISA_USAGE = YES_ERROR;
				CLANG_WARN_EMPTY_BODY = YES;
				CLANG_WARN_ENUM_CONVERSION = YES;
				CLANG_WARN_INT_CONVERSION = YES;
				CLANG_WARN_OBJC_ROOT_CLASS = YES_ERROR;
				CLANG_WARN__DUPLICATE_METHOD_MATCH = YES;
				"CODE_SIGN_IDENTITY[sdk=iphoneos*]" = "iPhone Developer";
				COPY_PHASE_STRIP = YES;
				ENABLE_NS_ASSERTIONS = NO;
				GCC_C_LANGUAGE_STANDARD = gnu99;
				GCC_WARN_64_TO_32_BIT_CONVERSION = YES;
				GCC_WARN_ABOUT_RETURN_TYPE = YES_ERROR;
				GCC_WARN_UNDECLARED_SELECTOR = YES;
				GCC_WARN_UNINITIALIZED_AUTOS = YES;
				GCC_WARN_UNUSED_FUNCTION = YES;
				GCC_WARN_UNUSED_VARIABLE = YES;
				IPHONEOS_DEPLOYMENT_TARGET = 7.0;
				SDKROOT = iphoneos;
				VALIDATE_PRODUCT = YES;
			};
			name = Release;
		};
		0D07DC3318337E9700CCE04B /* Debug */ = {
			isa = XCBuildConfiguration;
			buildSettings = {
				ASSETCATALOG_COMPILER_APPICON_NAME = AppIcon;
				ASSETCATALOG_COMPILER_LAUNCHIMAGE_NAME = LaunchImage;
				GCC_GENERATE_TEST_COVERAGE_FILES = YES;
				GCC_INSTRUMENT_PROGRAM_FLOW_ARCS = YES;
				GCC_PRECOMPILE_PREFIX_HEADER = YES;
				GCC_PREFIX_HEADER = "Neverlate/Neverlate-Prefix.pch";
				HEADER_SEARCH_PATHS = (
					"$(inherited)",
					/Applications/Xcode.app/Contents/Developer/Toolchains/XcodeDefault.xctoolchain/usr/include,
					"./**",
				);
				INFOPLIST_FILE = "Neverlate/Neverlate-Info.plist";
				OTHER_LDFLAGS = (
					"-all_load",
					"-ObjC",
				);
				PRODUCT_NAME = "$(TARGET_NAME)";
				WRAPPER_EXTENSION = app;
			};
			name = Debug;
		};
		0D07DC3418337E9700CCE04B /* Release */ = {
			isa = XCBuildConfiguration;
			buildSettings = {
				ASSETCATALOG_COMPILER_APPICON_NAME = AppIcon;
				ASSETCATALOG_COMPILER_LAUNCHIMAGE_NAME = LaunchImage;
				GCC_GENERATE_TEST_COVERAGE_FILES = YES;
				GCC_INSTRUMENT_PROGRAM_FLOW_ARCS = YES;
				GCC_PRECOMPILE_PREFIX_HEADER = YES;
				GCC_PREFIX_HEADER = "Neverlate/Neverlate-Prefix.pch";
				HEADER_SEARCH_PATHS = (
					"$(inherited)",
					/Applications/Xcode.app/Contents/Developer/Toolchains/XcodeDefault.xctoolchain/usr/include,
					"./**",
				);
				INFOPLIST_FILE = "Neverlate/Neverlate-Info.plist";
				OTHER_LDFLAGS = (
					"-all_load",
					"-ObjC",
				);
				PRODUCT_NAME = "$(TARGET_NAME)";
				WRAPPER_EXTENSION = app;
			};
			name = Release;
		};
		0D07DC3618337E9700CCE04B /* Debug */ = {
			isa = XCBuildConfiguration;
			buildSettings = {
				ARCHS = "$(ARCHS_STANDARD_INCLUDING_64_BIT)";
				BUNDLE_LOADER = "$(BUILT_PRODUCTS_DIR)/Neverlate.app/Neverlate";
				FRAMEWORK_SEARCH_PATHS = (
					"$(SDKROOT)/Developer/Library/Frameworks",
					"$(inherited)",
					"$(DEVELOPER_FRAMEWORKS_DIR)",
				);
				GCC_PRECOMPILE_PREFIX_HEADER = YES;
				GCC_PREFIX_HEADER = "Neverlate/Neverlate-Prefix.pch";
				GCC_PREPROCESSOR_DEFINITIONS = (
					"DEBUG=1",
					"$(inherited)",
				);
				HEADER_SEARCH_PATHS = (
					"$(inherited)",
					/Applications/Xcode.app/Contents/Developer/Toolchains/XcodeDefault.xctoolchain/usr/include,
					"./**",
				);
				INFOPLIST_FILE = "NeverlateTests/NeverlateTests-Info.plist";
				PRODUCT_NAME = "$(TARGET_NAME)";
				TEST_HOST = "$(BUNDLE_LOADER)";
				WRAPPER_EXTENSION = xctest;
			};
			name = Debug;
		};
		0D07DC3718337E9700CCE04B /* Release */ = {
			isa = XCBuildConfiguration;
			buildSettings = {
				ARCHS = "$(ARCHS_STANDARD_INCLUDING_64_BIT)";
				BUNDLE_LOADER = "$(BUILT_PRODUCTS_DIR)/Neverlate.app/Neverlate";
				FRAMEWORK_SEARCH_PATHS = (
					"$(SDKROOT)/Developer/Library/Frameworks",
					"$(inherited)",
					"$(DEVELOPER_FRAMEWORKS_DIR)",
				);
				GCC_PRECOMPILE_PREFIX_HEADER = YES;
				GCC_PREFIX_HEADER = "Neverlate/Neverlate-Prefix.pch";
				HEADER_SEARCH_PATHS = (
					"$(inherited)",
					/Applications/Xcode.app/Contents/Developer/Toolchains/XcodeDefault.xctoolchain/usr/include,
					"./**",
				);
				INFOPLIST_FILE = "NeverlateTests/NeverlateTests-Info.plist";
				PRODUCT_NAME = "$(TARGET_NAME)";
				TEST_HOST = "$(BUNDLE_LOADER)";
				WRAPPER_EXTENSION = xctest;
			};
			name = Release;
		};
/* End XCBuildConfiguration section */

/* Begin XCConfigurationList section */
		0D07DBFB18337E9700CCE04B /* Build configuration list for PBXProject "Neverlate" */ = {
			isa = XCConfigurationList;
			buildConfigurations = (
				0D07DC3018337E9700CCE04B /* Debug */,
				0D07DC3118337E9700CCE04B /* Release */,
			);
			defaultConfigurationIsVisible = 0;
			defaultConfigurationName = Release;
		};
		0D07DC3218337E9700CCE04B /* Build configuration list for PBXNativeTarget "Neverlate" */ = {
			isa = XCConfigurationList;
			buildConfigurations = (
				0D07DC3318337E9700CCE04B /* Debug */,
				0D07DC3418337E9700CCE04B /* Release */,
			);
			defaultConfigurationIsVisible = 0;
			defaultConfigurationName = Release;
		};
		0D07DC3518337E9700CCE04B /* Build configuration list for PBXNativeTarget "NeverlateTests" */ = {
			isa = XCConfigurationList;
			buildConfigurations = (
				0D07DC3618337E9700CCE04B /* Debug */,
				0D07DC3718337E9700CCE04B /* Release */,
			);
			defaultConfigurationIsVisible = 0;
			defaultConfigurationName = Release;
		};
/* End XCConfigurationList section */
	};
	rootObject = 0D07DBF818337E9700CCE04B /* Project object */;
}
